
Microsoft Visual Studio Solution File, Format Version 12.00
# Visual Studio Version 16
VisualStudioVersion = 25.0.1703.8
MinimumVisualStudioVersion = 10.0.40219.1
Project("{FAE04EC0-301F-11D3-BF4B-00C04F79EFBC}") = "ApiTest", "ApiTest\ApiTest.csproj", "{2714B5AA-1026-4805-874B-22E5AA500E1D}"
EndProject
Global
	GlobalSection(SolutionConfigurationPlatforms) = preSolution
		Debug|Any CPU = Debug|Any CPU
		Release|Any CPU = Release|Any CPU
	EndGlobalSection
	GlobalSection(ProjectConfigurationPlatforms) = postSolution
		{2714B5AA-1026-4805-874B-22E5AA500E1D}.Debug|Any CPU.ActiveCfg = Debug|Any CPU
		{2714B5AA-1026-4805-874B-22E5AA500E1D}.Debug|Any CPU.Build.0 = Debug|Any CPU
		{2714B5AA-1026-4805-874B-22E5AA500E1D}.Release|Any CPU.ActiveCfg = Release|Any CPU
		{2714B5AA-1026-4805-874B-22E5AA500E1D}.Release|Any CPU.Build.0 = Release|Any CPU
	EndGlobalSection
	GlobalSection(SolutionProperties) = preSolution
		HideSolutionNode = FALSE
	EndGlobalSection
	GlobalSection(ExtensibilityGlobals) = postSolution
		SolutionGuid = {2F086106-9EE4-4E96-A1F0-020834C59CB2}
	EndGlobalSection
EndGlobal
