
Microsoft Visual Studio Solution File, Format Version 12.00
# Visual Studio Version 16
VisualStudioVersion = 25.0.1704.0
MinimumVisualStudioVersion = 10.0.40219.1
Project("{FAE04EC0-301F-11D3-BF4B-00C04F79EFBC}") = "Network", "Network\Network.csproj", "{ACDD91DD-6B65-4AF3-B96C-D9DB1FDB4D24}"
EndProject
Global
	GlobalSection(SolutionConfigurationPlatforms) = preSolution
		Debug|Any CPU = Debug|Any CPU
		Release|Any CPU = Release|Any CPU
	EndGlobalSection
	GlobalSection(ProjectConfigurationPlatforms) = postSolution
		{ACDD91DD-6B65-4AF3-B96C-D9DB1FDB4D24}.Debug|Any CPU.ActiveCfg = Debug|Any CPU
		{ACDD91DD-6B65-4AF3-B96C-D9DB1FDB4D24}.Debug|Any CPU.Build.0 = Debug|Any CPU
		{ACDD91DD-6B65-4AF3-B96C-D9DB1FDB4D24}.Release|Any CPU.ActiveCfg = Release|Any CPU
		{ACDD91DD-6B65-4AF3-B96C-D9DB1FDB4D24}.Release|Any CPU.Build.0 = Release|Any CPU
	EndGlobalSection
	GlobalSection(SolutionProperties) = preSolution
		HideSolutionNode = FALSE
	EndGlobalSection
	GlobalSection(ExtensibilityGlobals) = postSolution
		SolutionGuid = {C3D1E843-C7F3-4617-BD40-CD6D142739DB}
	EndGlobalSection
EndGlobal
