
Microsoft Visual Studio Solution File, Format Version 12.00
# Visual Studio Version 16
VisualStudioVersion = 25.0.1703.5
MinimumVisualStudioVersion = 10.0.40219.1
Project("{FAE04EC0-301F-11D3-BF4B-00C04F79EFBC}") = "MyBlog", "MyBlog\MyBlog.csproj", "{C93B4B07-FBE6-490A-8282-9A543FBE6FE9}"
EndProject
Project("{FAE04EC0-301F-11D3-BF4B-00C04F79EFBC}") = "MyBlogTests", "MyBlogTests\MyBlogTests.csproj", "{C96A3FD5-F2BB-482E-8454-7D1E193E030F}"
EndProject
Global
	GlobalSection(SolutionConfigurationPlatforms) = preSolution
		Debug|Any CPU = Debug|Any CPU
		Release|Any CPU = Release|Any CPU
	EndGlobalSection
	GlobalSection(ProjectConfigurationPlatforms) = postSolution
		{C93B4B07-FBE6-490A-8282-9A543FBE6FE9}.Debug|Any CPU.ActiveCfg = Debug|Any CPU
		{C93B4B07-FBE6-490A-8282-9A543FBE6FE9}.Debug|Any CPU.Build.0 = Debug|Any CPU
		{C93B4B07-FBE6-490A-8282-9A543FBE6FE9}.Release|Any CPU.ActiveCfg = Release|Any CPU
		{C93B4B07-FBE6-490A-8282-9A543FBE6FE9}.Release|Any CPU.Build.0 = Release|Any CPU
		{C96A3FD5-F2BB-482E-8454-7D1E193E030F}.Debug|Any CPU.ActiveCfg = Debug|Any CPU
		{C96A3FD5-F2BB-482E-8454-7D1E193E030F}.Debug|Any CPU.Build.0 = Debug|Any CPU
		{C96A3FD5-F2BB-482E-8454-7D1E193E030F}.Release|Any CPU.ActiveCfg = Release|Any CPU
		{C96A3FD5-F2BB-482E-8454-7D1E193E030F}.Release|Any CPU.Build.0 = Release|Any CPU
	EndGlobalSection
	GlobalSection(SolutionProperties) = preSolution
		HideSolutionNode = FALSE
	EndGlobalSection
	GlobalSection(ExtensibilityGlobals) = postSolution
		SolutionGuid = {6E900727-4131-42F8-B8E6-D07BE07F2656}
	EndGlobalSection
EndGlobal
